
Microsoft Visual Studio Solution File, Format Version 12.00
# Visual Studio Version 17
VisualStudioVersion = 17.5.33414.496
MinimumVisualStudioVersion = 10.0.40219.1
Project("{FAE04EC0-301F-11D3-BF4B-00C04F79EFBC}") = "ConsoleApp", "ConsoleApp\ConsoleApp.csproj", "{7CC20C2E-735E-4046-B909-66AD7C1520D3}"
EndProject
Global
	GlobalSection(SolutionConfigurationPlatforms) = preSolution
		Debug|Any CPU = Debug|Any CPU
		Release|Any CPU = Release|Any CPU
	EndGlobalSection
	GlobalSection(ProjectConfigurationPlatforms) = postSolution
		{7CC20C2E-735E-4046-B909-66AD7C1520D3}.Debug|Any CPU.ActiveCfg = Debug|Any CPU
		{7CC20C2E-735E-4046-B909-66AD7C1520D3}.Debug|Any CPU.Build.0 = Debug|Any CPU
		{7CC20C2E-735E-4046-B909-66AD7C1520D3}.Release|Any CPU.ActiveCfg = Release|Any CPU
		{7CC20C2E-735E-4046-B909-66AD7C1520D3}.Release|Any CPU.Build.0 = Release|Any CPU
	EndGlobalSection
	GlobalSection(SolutionProperties) = preSolution
		HideSolutionNode = FALSE
	EndGlobalSection
	GlobalSection(ExtensibilityGlobals) = postSolution
		SolutionGuid = {E7F68A27-955C-4C00-BE5C-60D8FDFEA965}
	EndGlobalSection
EndGlobal
